// !$*UTF8*$!
{
	archiveVersion = 1;
	classes = {
	};
	objectVersion = 46;
	objects = {

/* Begin PBXBuildFile section */
		6DBDB48C1BA1702F00A2198B /* main.cpp in Sources */ = {isa = PBXBuildFile; fileRef = 6DBDB48B1BA1702F00A2198B /* main.cpp */; };
		6DBDB4941BA1704300A2198B /* GLUT.framework in Frameworks */ = {isa = PBXBuildFile; fileRef = 6DBDB4921BA1704300A2198B /* GLUT.framework */; };
		6DBDB4951BA1704300A2198B /* OpenGL.framework in Frameworks */ = {isa = PBXBuildFile; fileRef = 6DBDB4931BA1704300A2198B /* OpenGL.framework */; };
/* End PBXBuildFile section */

/* Begin PBXCopyFilesBuildPhase section */
		6DBDB4861BA1702E00A2198B /* CopyFiles */ = {
			isa = PBXCopyFilesBuildPhase;
			buildActionMask = 2147483647;
			dstPath = /usr/share/man/man1/;
			dstSubfolderSpec = 0;
			files = (
			);
			runOnlyForDeploymentPostprocessing = 1;
		};
/* End PBXCopyFilesBuildPhase section */

/* Begin PBXFileReference section */
		6DBDB4881BA1702E00A2198B /* genetic */ = {isa = PBXFileReference; explicitFileType = "compiled.mach-o.executable"; includeInIndex = 0; path = genetic; sourceTree = BUILT_PRODUCTS_DIR; };
		6DBDB48B1BA1702F00A2198B /* main.cpp */ = {isa = PBXFileReference; lastKnownFileType = sourcecode.cpp.cpp; path = main.cpp; sourceTree = "<group>"; };
		6DBDB4921BA1704300A2198B /* GLUT.framework */ = {isa = PBXFileReference; lastKnownFileType = wrapper.framework; name = GLUT.framework; path = System/Library/Frameworks/GLUT.framework; sourceTree = SDKROOT; };
		6DBDB4931BA1704300A2198B /* OpenGL.framework */ = {isa = PBXFileReference; lastKnownFileType = wrapper.framework; name = OpenGL.framework; path = System/Library/Frameworks/OpenGL.framework; sourceTree = SDKROOT; };
/* End PBXFileReference section */

/* Begin PBXFrameworksBuildPhase section */
		6DBDB4851BA1702E00A2198B /* Frameworks */ = {
			isa = PBXFrameworksBuildPhase;
			buildActionMask = 2147483647;
			files = (
				6DBDB4941BA1704300A2198B /* GLUT.framework in Frameworks */,
				6DBDB4951BA1704300A2198B /* OpenGL.framework in Frameworks */,
			);
			runOnlyForDeploymentPostprocessing = 0;
		};
/* End PBXFrameworksBuildPhase section */

/* Begin PBXGroup section */
		6DBDB47F1BA1702E00A2198B = {
			isa = PBXGroup;
			children = (
				6DBDB4921BA1704300A2198B /* GLUT.framework */,
				6DBDB4931BA1704300A2198B /* OpenGL.framework */,
				6DBDB48A1BA1702E00A2198B /* genetic */,
				6DBDB4891BA1702E00A2198B /* Products */,
			);
			sourceTree = "<group>";
		};
		6DBDB4891BA1702E00A2198B /* Products */ = {
			isa = PBXGroup;
			children = (
				6DBDB4881BA1702E00A2198B /* genetic */,
			);
			name = Products;
			sourceTree = "<group>";
		};
		6DBDB48A1BA1702E00A2198B /* genetic */ = {
			isa = PBXGroup;
			children = (
				6DBDB48B1BA1702F00A2198B /* main.cpp */,
			);
			path = genetic;
			sourceTree = "<group>";
		};
/* End PBXGroup section */

/* Begin PBXNativeTarget section */
		6DBDB4871BA1702E00A2198B /* genetic */ = {
			isa = PBXNativeTarget;
			buildConfigurationList = 6DBDB48F1BA1702F00A2198B /* Build configuration list for PBXNativeTarget "genetic" */;
			buildPhases = (
				6DBDB4841BA1702E00A2198B /* Sources */,
				6DBDB4851BA1702E00A2198B /* Frameworks */,
				6DBDB4861BA1702E00A2198B /* CopyFiles */,
			);
			buildRules = (
			);
			dependencies = (
			);
			name = genetic;
			productName = genetic;
			productReference = 6DBDB4881BA1702E00A2198B /* genetic */;
			productType = "com.apple.product-type.tool";
		};
/* End PBXNativeTarget section */

/* Begin PBXProject section */
		6DBDB4801BA1702E00A2198B /* Project object */ = {
			isa = PBXProject;
			attributes = {
				LastUpgradeCheck = 0640;
				ORGANIZATIONNAME = "young-min kang";
				TargetAttributes = {
					6DBDB4871BA1702E00A2198B = {
						CreatedOnToolsVersion = 6.4;
					};
				};
			};
			buildConfigurationList = 6DBDB4831BA1702E00A2198B /* Build configuration list for PBXProject "genetic" */;
			compatibilityVersion = "Xcode 3.2";
			developmentRegion = English;
			hasScannedForEncodings = 0;
			knownRegions = (
				en,
			);
			mainGroup = 6DBDB47F1BA1702E00A2198B;
			productRefGroup = 6DBDB4891BA1702E00A2198B /* Products */;
			projectDirPath = "";
			projectRoot = "";
			targets = (
				6DBDB4871BA1702E00A2198B /* genetic */,
			);
		};
/* End PBXProject section */

/* Begin PBXSourcesBuildPhase section */
		6DBDB4841BA1702E00A2198B /* Sources */ = {
			isa = PBXSourcesBuildPhase;
			buildActionMask = 2147483647;
			files = (
				6DBDB48C1BA1702F00A2198B /* main.cpp in Sources */,
			);
			runOnlyForDeploymentPostprocessing = 0;
		};
/* End PBXSourcesBuildPhase section */

/* Begin XCBuildConfiguration section */
		6DBDB48D1BA1702F00A2198B /* Debug */ = {
			isa = XCBuildConfiguration;
			buildSettings = {
				ALWAYS_SEARCH_USER_PATHS = NO;
				CLANG_CXX_LANGUAGE_STANDARD = "gnu++0x";
				CLANG_CXX_LIBRARY = "libc++";
				CLANG_ENABLE_MODULES = YES;
				CLANG_ENABLE_OBJC_ARC = YES;
				CLANG_WARN_BOOL_CONVERSION = YES;
				CLANG_WARN_CONSTANT_CONVERSION = YES;
				CLANG_WARN_DIRECT_OBJC_ISA_USAGE = YES_ERROR;
				CLANG_WARN_EMPTY_BODY = YES;
				CLANG_WARN_ENUM_CONVERSION = YES;
				CLANG_WARN_INT_CONVERSION = YES;
				CLANG_WARN_OBJC_ROOT_CLASS = YES_ERROR;
				CLANG_WARN_UNREACHABLE_CODE = YES;
				CLANG_WARN__DUPLICATE_METHOD_MATCH = YES;
				COPY_PHASE_STRIP = NO;
				DEBUG_INFORMATION_FORMAT = dwarf;
				ENABLE_STRICT_OBJC_MSGSEND = YES;
				GCC_C_LANGUAGE_STANDARD = gnu99;
				GCC_DYNAMIC_NO_PIC = NO;
				GCC_NO_COMMON_BLOCKS = YES;
				GCC_OPTIMIZATION_LEVEL = 0;
				GCC_PREPROCESSOR_DEFINITIONS = (
					"DEBUG=1",
					"$(inherited)",
				);
				GCC_SYMBOLS_PRIVATE_EXTERN = NO;
				GCC_WARN_64_TO_32_BIT_CONVERSION = YES;
				GCC_WARN_ABOUT_RETURN_TYPE = YES_ERROR;
				GCC_WARN_UNDECLARED_SELECTOR = YES;
				GCC_WARN_UNINITIALIZED_AUTOS = YES_AGGRESSIVE;
				GCC_WARN_UNUSED_FUNCTION = YES;
				GCC_WARN_UNUSED_VARIABLE = YES;
				MACOSX_DEPLOYMENT_TARGET = 10.10;
				MTL_ENABLE_DEBUG_INFO = YES;
				ONLY_ACTIVE_ARCH = YES;
				SDKROOT = macosx;
			};
			name = Debug;
		};
		6DBDB48E1BA1702F00A2198B /* Release */ = {
			isa = XCBuildConfiguration;
			buildSettings = {
				ALWAYS_SEARCH_USER_PATHS = NO;
				CLANG_CXX_LANGUAGE_STANDARD = "gnu++0x";
				CLANG_CXX_LIBRARY = "libc++";
				CLANG_ENABLE_MODULES = YES;
				CLANG_ENABLE_OBJC_ARC = YES;
				CLANG_WARN_BOOL_CONVERSION = YES;
				CLANG_WARN_CONSTANT_CONVERSION = YES;
				CLANG_WARN_DIRECT_OBJC_ISA_USAGE = YES_ERROR;
				CLANG_WARN_EMPTY_BODY = YES;
				CLANG_WARN_ENUM_CONVERSION = YES;
				CLANG_WARN_INT_CONVERSION = YES;
				CLANG_WARN_OBJC_ROOT_CLASS = YES_ERROR;
				CLANG_WARN_UNREACHABLE_CODE = YES;
				CLANG_WARN__DUPLICATE_METHOD_MATCH = YES;
				COPY_PHASE_STRIP = NO;
				DEBUG_INFORMATION_FORMAT = "dwarf-with-dsym";
				ENABLE_NS_ASSERTIONS = NO;
				ENABLE_STRICT_OBJC_MSGSEND = YES;
				GCC_C_LANGUAGE_STANDARD = gnu99;
				GCC_NO_COMMON_BLOCKS = YES;
				GCC_WARN_64_TO_32_BIT_CONVERSION = YES;
				GCC_WARN_ABOUT_RETURN_TYPE = YES_ERROR;
				GCC_WARN_UNDECLARED_SELECTOR = YES;
				GCC_WARN_UNINITIALIZED_AUTOS = YES_AGGRESSIVE;
				GCC_WARN_UNUSED_FUNCTION = YES;
				GCC_WARN_UNUSED_VARIABLE = YES;
				MACOSX_DEPLOYMENT_TARGET = 10.10;
				MTL_ENABLE_DEBUG_INFO = NO;
				SDKROOT = macosx;
			};
			name = Release;
		};
		6DBDB4901BA1702F00A2198B /* Debug */ = {
			isa = XCBuildConfiguration;
			buildSettings = {
				PRODUCT_NAME = "$(TARGET_NAME)";
			};
			name = Debug;
		};
		6DBDB4911BA1702F00A2198B /* Release */ = {
			isa = XCBuildConfiguration;
			buildSettings = {
				PRODUCT_NAME = "$(TARGET_NAME)";
			};
			name = Release;
		};
/* End XCBuildConfiguration section */

/* Begin XCConfigurationList section */
		6DBDB4831BA1702E00A2198B /* Build configuration list for PBXProject "genetic" */ = {
			isa = XCConfigurationList;
			buildConfigurations = (
				6DBDB48D1BA1702F00A2198B /* Debug */,
				6DBDB48E1BA1702F00A2198B /* Release */,
			);
			defaultConfigurationIsVisible = 0;
			defaultConfigurationName = Release;
		};
		6DBDB48F1BA1702F00A2198B /* Build configuration list for PBXNativeTarget "genetic" */ = {
			isa = XCConfigurationList;
			buildConfigurations = (
				6DBDB4901BA1702F00A2198B /* Debug */,
				6DBDB4911BA1702F00A2198B /* Release */,
			);
			defaultConfigurationIsVisible = 0;
		};
/* End XCConfigurationList section */
	};
	rootObject = 6DBDB4801BA1702E00A2198B /* Project object */;
}
